
Microsoft Visual Studio Solution File, Format Version 12.00
# Visual Studio Version 17
VisualStudioVersion = 17.7.34202.233
MinimumVisualStudioVersion = 10.0.40219.1
Project("{FAE04EC0-301F-11D3-BF4B-00C04F79EFBC}") = "Hello.World.Console", "Hello.World.Console\Hello.World.Console.csproj", "{DBE8D14F-F378-4959-A497-0F375816FAFD}"
EndProject
Global
	GlobalSection(SolutionConfigurationPlatforms) = preSolution
		Debug|Any CPU = Debug|Any CPU
		Release|Any CPU = Release|Any CPU
	EndGlobalSection
	GlobalSection(ProjectConfigurationPlatforms) = postSolution
		{DBE8D14F-F378-4959-A497-0F375816FAFD}.Debug|Any CPU.ActiveCfg = Debug|Any CPU
		{DBE8D14F-F378-4959-A497-0F375816FAFD}.Debug|Any CPU.Build.0 = Debug|Any CPU
		{DBE8D14F-F378-4959-A497-0F375816FAFD}.Release|Any CPU.ActiveCfg = Release|Any CPU
		{DBE8D14F-F378-4959-A497-0F375816FAFD}.Release|Any CPU.Build.0 = Release|Any CPU
	EndGlobalSection
	GlobalSection(SolutionProperties) = preSolution
		HideSolutionNode = FALSE
	EndGlobalSection
	GlobalSection(ExtensibilityGlobals) = postSolution
		SolutionGuid = {32FE8C42-FBC2-495B-A224-B2EB6AD2B1E2}
	EndGlobalSection
EndGlobal
